// !$*UTF8*$!
{
	archiveVersion = 1;
	classes = {
	};
	objectVersion = 46;
	objects = {

/* Begin PBXBuildFile section */
		85AB85C31E8514AA001EB969 /* AppDelegate.swift in Sources */ = {isa = PBXBuildFile; fileRef = 85AB85C21E8514AA001EB969 /* AppDelegate.swift */; };
		85AB85C51E8514AA001EB969 /* Assets.xcassets in Resources */ = {isa = PBXBuildFile; fileRef = 85AB85C41E8514AA001EB969 /* Assets.xcassets */; };
		85AB85C81E8514AA001EB969 /* MainMenu.xib in Resources */ = {isa = PBXBuildFile; fileRef = 85AB85C61E8514AA001EB969 /* MainMenu.xib */; };
		85AB85CD1E851D6E001EB969 /* Render.swift in Sources */ = {isa = PBXBuildFile; fileRef = 85FFAE751E83AEAD00B9332E /* Render.swift */; };
		85AB85CE1E851D6E001EB969 /* Metric.swift in Sources */ = {isa = PBXBuildFile; fileRef = 85FFAE731E83ACF300B9332E /* Metric.swift */; };
		85CC0A351D9259700072E8D9 /* main.swift in Sources */ = {isa = PBXBuildFile; fileRef = 85CC0A341D9259700072E8D9 /* main.swift */; };
		85FFAE741E83ACF300B9332E /* Metric.swift in Sources */ = {isa = PBXBuildFile; fileRef = 85FFAE731E83ACF300B9332E /* Metric.swift */; };
		85FFAE761E83AEAD00B9332E /* Render.swift in Sources */ = {isa = PBXBuildFile; fileRef = 85FFAE751E83AEAD00B9332E /* Render.swift */; };
		85FFAE7F1E83B77E00B9332E /* main.swift in Sources */ = {isa = PBXBuildFile; fileRef = 85FFAE7E1E83B77E00B9332E /* main.swift */; };
		85FFAE831E83B78E00B9332E /* Render.swift in Sources */ = {isa = PBXBuildFile; fileRef = 85FFAE751E83AEAD00B9332E /* Render.swift */; };
		85FFAE841E83B97000B9332E /* Metric.swift in Sources */ = {isa = PBXBuildFile; fileRef = 85FFAE731E83ACF300B9332E /* Metric.swift */; };
/* End PBXBuildFile section */

/* Begin PBXCopyFilesBuildPhase section */
		85CC0A2F1D9259700072E8D9 /* CopyFiles */ = {
			isa = PBXCopyFilesBuildPhase;
			buildActionMask = 2147483647;
			dstPath = /usr/share/man/man1/;
			dstSubfolderSpec = 0;
			files = (
			);
			runOnlyForDeploymentPostprocessing = 1;
		};
		85FFAE7A1E83B77E00B9332E /* CopyFiles */ = {
			isa = PBXCopyFilesBuildPhase;
			buildActionMask = 2147483647;
			dstPath = /usr/share/man/man1/;
			dstSubfolderSpec = 0;
			files = (
			);
			runOnlyForDeploymentPostprocessing = 1;
		};
/* End PBXCopyFilesBuildPhase section */

/* Begin PBXFileReference section */
		85AB85C01E8514AA001EB969 /* JetPack.app */ = {isa = PBXFileReference; explicitFileType = wrapper.application; includeInIndex = 0; path = JetPack.app; sourceTree = BUILT_PRODUCTS_DIR; };
		85AB85C21E8514AA001EB969 /* AppDelegate.swift */ = {isa = PBXFileReference; lastKnownFileType = sourcecode.swift; path = AppDelegate.swift; sourceTree = "<group>"; };
		85AB85C41E8514AA001EB969 /* Assets.xcassets */ = {isa = PBXFileReference; lastKnownFileType = folder.assetcatalog; path = Assets.xcassets; sourceTree = "<group>"; };
		85AB85C71E8514AA001EB969 /* Base */ = {isa = PBXFileReference; lastKnownFileType = file.xib; name = Base; path = Base.lproj/MainMenu.xib; sourceTree = "<group>"; };
		85AB85C91E8514AA001EB969 /* Info.plist */ = {isa = PBXFileReference; lastKnownFileType = text.plist.xml; path = Info.plist; sourceTree = "<group>"; };
		85CC0A311D9259700072E8D9 /* phenidone */ = {isa = PBXFileReference; explicitFileType = "compiled.mach-o.executable"; includeInIndex = 0; path = phenidone; sourceTree = BUILT_PRODUCTS_DIR; };
		85CC0A341D9259700072E8D9 /* main.swift */ = {isa = PBXFileReference; lastKnownFileType = sourcecode.swift; path = main.swift; sourceTree = "<group>"; };
		85FFAE731E83ACF300B9332E /* Metric.swift */ = {isa = PBXFileReference; fileEncoding = 4; lastKnownFileType = sourcecode.swift; path = Metric.swift; sourceTree = "<group>"; };
		85FFAE751E83AEAD00B9332E /* Render.swift */ = {isa = PBXFileReference; fileEncoding = 4; lastKnownFileType = sourcecode.swift; path = Render.swift; sourceTree = "<group>"; };
		85FFAE7C1E83B77E00B9332E /* PhenidoneTest */ = {isa = PBXFileReference; explicitFileType = "compiled.mach-o.executable"; includeInIndex = 0; path = PhenidoneTest; sourceTree = BUILT_PRODUCTS_DIR; };
		85FFAE7E1E83B77E00B9332E /* main.swift */ = {isa = PBXFileReference; lastKnownFileType = sourcecode.swift; path = main.swift; sourceTree = "<group>"; };
/* End PBXFileReference section */

/* Begin PBXFrameworksBuildPhase section */
		85AB85BD1E8514AA001EB969 /* Frameworks */ = {
			isa = PBXFrameworksBuildPhase;
			buildActionMask = 2147483647;
			files = (
			);
			runOnlyForDeploymentPostprocessing = 0;
		};
		85CC0A2E1D9259700072E8D9 /* Frameworks */ = {
			isa = PBXFrameworksBuildPhase;
			buildActionMask = 2147483647;
			files = (
			);
			runOnlyForDeploymentPostprocessing = 0;
		};
		85FFAE791E83B77E00B9332E /* Frameworks */ = {
			isa = PBXFrameworksBuildPhase;
			buildActionMask = 2147483647;
			files = (
			);
			runOnlyForDeploymentPostprocessing = 0;
		};
/* End PBXFrameworksBuildPhase section */

/* Begin PBXGroup section */
		85AB85C11E8514AA001EB969 /* JetPack */ = {
			isa = PBXGroup;
			children = (
				85AB85C21E8514AA001EB969 /* AppDelegate.swift */,
				85AB85C41E8514AA001EB969 /* Assets.xcassets */,
				85AB85C61E8514AA001EB969 /* MainMenu.xib */,
				85AB85C91E8514AA001EB969 /* Info.plist */,
			);
			path = JetPack;
			sourceTree = "<group>";
		};
		85CC0A281D9259700072E8D9 = {
			isa = PBXGroup;
			children = (
				85CC0A331D9259700072E8D9 /* phenidone */,
				85FFAE7D1E83B77E00B9332E /* PhenidoneTest */,
				85AB85C11E8514AA001EB969 /* JetPack */,
				85CC0A321D9259700072E8D9 /* Products */,
			);
			sourceTree = "<group>";
		};
		85CC0A321D9259700072E8D9 /* Products */ = {
			isa = PBXGroup;
			children = (
				85CC0A311D9259700072E8D9 /* phenidone */,
				85FFAE7C1E83B77E00B9332E /* PhenidoneTest */,
				85AB85C01E8514AA001EB969 /* JetPack.app */,
			);
			name = Products;
			sourceTree = "<group>";
		};
		85CC0A331D9259700072E8D9 /* phenidone */ = {
			isa = PBXGroup;
			children = (
				85FFAE751E83AEAD00B9332E /* Render.swift */,
				85FFAE731E83ACF300B9332E /* Metric.swift */,
				85CC0A341D9259700072E8D9 /* main.swift */,
			);
			path = phenidone;
			sourceTree = "<group>";
		};
		85FFAE7D1E83B77E00B9332E /* PhenidoneTest */ = {
			isa = PBXGroup;
			children = (
				85FFAE7E1E83B77E00B9332E /* main.swift */,
			);
			path = PhenidoneTest;
			sourceTree = "<group>";
		};
/* End PBXGroup section */

/* Begin PBXNativeTarget section */
		85AB85BF1E8514AA001EB969 /* JetPack */ = {
			isa = PBXNativeTarget;
			buildConfigurationList = 85AB85CC1E8514AA001EB969 /* Build configuration list for PBXNativeTarget "JetPack" */;
			buildPhases = (
				85AB85BC1E8514AA001EB969 /* Sources */,
				85AB85BD1E8514AA001EB969 /* Frameworks */,
				85AB85BE1E8514AA001EB969 /* Resources */,
			);
			buildRules = (
			);
			dependencies = (
			);
			name = JetPack;
			productName = JetPack;
			productReference = 85AB85C01E8514AA001EB969 /* JetPack.app */;
			productType = "com.apple.product-type.application";
		};
		85CC0A301D9259700072E8D9 /* phenidone */ = {
			isa = PBXNativeTarget;
			buildConfigurationList = 85CC0A381D9259700072E8D9 /* Build configuration list for PBXNativeTarget "phenidone" */;
			buildPhases = (
				85CC0A2D1D9259700072E8D9 /* Sources */,
				85CC0A2E1D9259700072E8D9 /* Frameworks */,
				85CC0A2F1D9259700072E8D9 /* CopyFiles */,
			);
			buildRules = (
			);
			dependencies = (
			);
			name = phenidone;
			productName = phenidone;
			productReference = 85CC0A311D9259700072E8D9 /* phenidone */;
			productType = "com.apple.product-type.tool";
		};
		85FFAE7B1E83B77E00B9332E /* PhenidoneTest */ = {
			isa = PBXNativeTarget;
			buildConfigurationList = 85FFAE801E83B77E00B9332E /* Build configuration list for PBXNativeTarget "PhenidoneTest" */;
			buildPhases = (
				85FFAE781E83B77E00B9332E /* Sources */,
				85FFAE791E83B77E00B9332E /* Frameworks */,
				85FFAE7A1E83B77E00B9332E /* CopyFiles */,
			);
			buildRules = (
			);
			dependencies = (
			);
			name = PhenidoneTest;
			productName = PhenidoneTest;
			productReference = 85FFAE7C1E83B77E00B9332E /* PhenidoneTest */;
			productType = "com.apple.product-type.tool";
		};
/* End PBXNativeTarget section */

/* Begin PBXProject section */
		85CC0A291D9259700072E8D9 /* Project object */ = {
			isa = PBXProject;
			attributes = {
				LastSwiftUpdateCheck = 0820;
				LastUpgradeCheck = 0820;
				ORGANIZATIONNAME = Hypo;
				TargetAttributes = {
					85AB85BF1E8514AA001EB969 = {
						CreatedOnToolsVersion = 8.2.1;
						DevelopmentTeam = Y2DE56X55C;
						ProvisioningStyle = Automatic;
					};
					85CC0A301D9259700072E8D9 = {
						CreatedOnToolsVersion = 8.0;
						DevelopmentTeam = Y2DE56X55C;
						ProvisioningStyle = Automatic;
					};
					85FFAE7B1E83B77E00B9332E = {
						CreatedOnToolsVersion = 8.2.1;
						DevelopmentTeam = Y2DE56X55C;
						ProvisioningStyle = Automatic;
					};
				};
			};
			buildConfigurationList = 85CC0A2C1D9259700072E8D9 /* Build configuration list for PBXProject "phenidone" */;
			compatibilityVersion = "Xcode 3.2";
			developmentRegion = English;
			hasScannedForEncodings = 0;
			knownRegions = (
				en,
				Base,
			);
			mainGroup = 85CC0A281D9259700072E8D9;
			productRefGroup = 85CC0A321D9259700072E8D9 /* Products */;
			projectDirPath = "";
			projectRoot = "";
			targets = (
				85CC0A301D9259700072E8D9 /* phenidone */,
				85FFAE7B1E83B77E00B9332E /* PhenidoneTest */,
				85AB85BF1E8514AA001EB969 /* JetPack */,
			);
		};
/* End PBXProject section */

/* Begin PBXResourcesBuildPhase section */
		85AB85BE1E8514AA001EB969 /* Resources */ = {
			isa = PBXResourcesBuildPhase;
			buildActionMask = 2147483647;
			files = (
				85AB85C51E8514AA001EB969 /* Assets.xcassets in Resources */,
				85AB85C81E8514AA001EB969 /* MainMenu.xib in Resources */,
			);
			runOnlyForDeploymentPostprocessing = 0;
		};
/* End PBXResourcesBuildPhase section */

/* Begin PBXSourcesBuildPhase section */
		85AB85BC1E8514AA001EB969 /* Sources */ = {
			isa = PBXSourcesBuildPhase;
			buildActionMask = 2147483647;
			files = (
				85AB85CD1E851D6E001EB969 /* Render.swift in Sources */,
				85AB85CE1E851D6E001EB969 /* Metric.swift in Sources */,
				85AB85C31E8514AA001EB969 /* AppDelegate.swift in Sources */,
			);
			runOnlyForDeploymentPostprocessing = 0;
		};
		85CC0A2D1D9259700072E8D9 /* Sources */ = {
			isa = PBXSourcesBuildPhase;
			buildActionMask = 2147483647;
			files = (
				85FFAE741E83ACF300B9332E /* Metric.swift in Sources */,
				85CC0A351D9259700072E8D9 /* main.swift in Sources */,
				85FFAE761E83AEAD00B9332E /* Render.swift in Sources */,
			);
			runOnlyForDeploymentPostprocessing = 0;
		};
		85FFAE781E83B77E00B9332E /* Sources */ = {
			isa = PBXSourcesBuildPhase;
			buildActionMask = 2147483647;
			files = (
				85FFAE841E83B97000B9332E /* Metric.swift in Sources */,
				85FFAE831E83B78E00B9332E /* Render.swift in Sources */,
				85FFAE7F1E83B77E00B9332E /* main.swift in Sources */,
			);
			runOnlyForDeploymentPostprocessing = 0;
		};
/* End PBXSourcesBuildPhase section */

/* Begin PBXVariantGroup section */
		85AB85C61E8514AA001EB969 /* MainMenu.xib */ = {
			isa = PBXVariantGroup;
			children = (
				85AB85C71E8514AA001EB969 /* Base */,
			);
			name = MainMenu.xib;
			sourceTree = "<group>";
		};
/* End PBXVariantGroup section */

/* Begin XCBuildConfiguration section */
		85AB85CA1E8514AA001EB969 /* Debug */ = {
			isa = XCBuildConfiguration;
			buildSettings = {
				ASSETCATALOG_COMPILER_APPICON_NAME = AppIcon;
				COMBINE_HIDPI_IMAGES = YES;
				DEVELOPMENT_TEAM = Y2DE56X55C;
				INFOPLIST_FILE = JetPack/Info.plist;
				LD_RUNPATH_SEARCH_PATHS = "$(inherited) @executable_path/../Frameworks";
				PRODUCT_BUNDLE_IDENTIFIER = cc.hypo.JetPack;
				PRODUCT_NAME = "$(TARGET_NAME)";
				SWIFT_ACTIVE_COMPILATION_CONDITIONS = DEBUG;
				SWIFT_VERSION = 3.0;
			};
			name = Debug;
		};
		85AB85CB1E8514AA001EB969 /* Release */ = {
			isa = XCBuildConfiguration;
			buildSettings = {
				ASSETCATALOG_COMPILER_APPICON_NAME = AppIcon;
				COMBINE_HIDPI_IMAGES = YES;
				DEVELOPMENT_TEAM = Y2DE56X55C;
				INFOPLIST_FILE = JetPack/Info.plist;
				LD_RUNPATH_SEARCH_PATHS = "$(inherited) @executable_path/../Frameworks";
				PRODUCT_BUNDLE_IDENTIFIER = cc.hypo.JetPack;
				PRODUCT_NAME = "$(TARGET_NAME)";
				SWIFT_VERSION = 3.0;
			};
			name = Release;
		};
		85CC0A361D9259700072E8D9 /* Debug */ = {
			isa = XCBuildConfiguration;
			buildSettings = {
				ALWAYS_SEARCH_USER_PATHS = NO;
				CLANG_ANALYZER_NONNULL = YES;
				CLANG_CXX_LANGUAGE_STANDARD = "gnu++0x";
				CLANG_CXX_LIBRARY = "libc++";
				CLANG_ENABLE_MODULES = YES;
				CLANG_ENABLE_OBJC_ARC = YES;
				CLANG_WARN_BOOL_CONVERSION = YES;
				CLANG_WARN_CONSTANT_CONVERSION = YES;
				CLANG_WARN_DIRECT_OBJC_ISA_USAGE = YES_ERROR;
				CLANG_WARN_DOCUMENTATION_COMMENTS = YES;
				CLANG_WARN_EMPTY_BODY = YES;
				CLANG_WARN_ENUM_CONVERSION = YES;
				CLANG_WARN_INFINITE_RECURSION = YES;
				CLANG_WARN_INT_CONVERSION = YES;
				CLANG_WARN_OBJC_ROOT_CLASS = YES_ERROR;
				CLANG_WARN_SUSPICIOUS_MOVE = YES;
				CLANG_WARN_SUSPICIOUS_MOVES = YES;
				CLANG_WARN_UNREACHABLE_CODE = YES;
				CLANG_WARN__DUPLICATE_METHOD_MATCH = YES;
				CODE_SIGN_IDENTITY = "-";
				COPY_PHASE_STRIP = NO;
				DEBUG_INFORMATION_FORMAT = dwarf;
				ENABLE_STRICT_OBJC_MSGSEND = YES;
				ENABLE_TESTABILITY = YES;
				GCC_C_LANGUAGE_STANDARD = gnu99;
				GCC_DYNAMIC_NO_PIC = NO;
				GCC_NO_COMMON_BLOCKS = YES;
				GCC_OPTIMIZATION_LEVEL = 0;
				GCC_PREPROCESSOR_DEFINITIONS = (
					"DEBUG=1",
					"$(inherited)",
				);
				GCC_WARN_64_TO_32_BIT_CONVERSION = YES;
				GCC_WARN_ABOUT_RETURN_TYPE = YES_ERROR;
				GCC_WARN_UNDECLARED_SELECTOR = YES;
				GCC_WARN_UNINITIALIZED_AUTOS = YES_AGGRESSIVE;
				GCC_WARN_UNUSED_FUNCTION = YES;
				GCC_WARN_UNUSED_VARIABLE = YES;
				MACOSX_DEPLOYMENT_TARGET = 10.12;
				MTL_ENABLE_DEBUG_INFO = YES;
				ONLY_ACTIVE_ARCH = YES;
				SDKROOT = macosx;
				SWIFT_OPTIMIZATION_LEVEL = "-Onone";
			};
			name = Debug;
		};
		85CC0A371D9259700072E8D9 /* Release */ = {
			isa = XCBuildConfiguration;
			buildSettings = {
				ALWAYS_SEARCH_USER_PATHS = NO;
				CLANG_ANALYZER_NONNULL = YES;
				CLANG_CXX_LANGUAGE_STANDARD = "gnu++0x";
				CLANG_CXX_LIBRARY = "libc++";
				CLANG_ENABLE_MODULES = YES;
				CLANG_ENABLE_OBJC_ARC = YES;
				CLANG_WARN_BOOL_CONVERSION = YES;
				CLANG_WARN_CONSTANT_CONVERSION = YES;
				CLANG_WARN_DIRECT_OBJC_ISA_USAGE = YES_ERROR;
				CLANG_WARN_DOCUMENTATION_COMMENTS = YES;
				CLANG_WARN_EMPTY_BODY = YES;
				CLANG_WARN_ENUM_CONVERSION = YES;
				CLANG_WARN_INFINITE_RECURSION = YES;
				CLANG_WARN_INT_CONVERSION = YES;
				CLANG_WARN_OBJC_ROOT_CLASS = YES_ERROR;
				CLANG_WARN_SUSPICIOUS_MOVE = YES;
				CLANG_WARN_SUSPICIOUS_MOVES = YES;
				CLANG_WARN_UNREACHABLE_CODE = YES;
				CLANG_WARN__DUPLICATE_METHOD_MATCH = YES;
				CODE_SIGN_IDENTITY = "-";
				COPY_PHASE_STRIP = NO;
				DEBUG_INFORMATION_FORMAT = "dwarf-with-dsym";
				ENABLE_NS_ASSERTIONS = NO;
				ENABLE_STRICT_OBJC_MSGSEND = YES;
				GCC_C_LANGUAGE_STANDARD = gnu99;
				GCC_NO_COMMON_BLOCKS = YES;
				GCC_WARN_64_TO_32_BIT_CONVERSION = YES;
				GCC_WARN_ABOUT_RETURN_TYPE = YES_ERROR;
				GCC_WARN_UNDECLARED_SELECTOR = YES;
				GCC_WARN_UNINITIALIZED_AUTOS = YES_AGGRESSIVE;
				GCC_WARN_UNUSED_FUNCTION = YES;
				GCC_WARN_UNUSED_VARIABLE = YES;
				MACOSX_DEPLOYMENT_TARGET = 10.12;
				MTL_ENABLE_DEBUG_INFO = NO;
				SDKROOT = macosx;
				SWIFT_OPTIMIZATION_LEVEL = "-Owholemodule";
			};
			name = Release;
		};
		85CC0A391D9259700072E8D9 /* Debug */ = {
			isa = XCBuildConfiguration;
			buildSettings = {
				DEVELOPMENT_TEAM = Y2DE56X55C;
				PRODUCT_NAME = "$(TARGET_NAME)";
				SWIFT_VERSION = 3.0;
			};
			name = Debug;
		};
		85CC0A3A1D9259700072E8D9 /* Release */ = {
			isa = XCBuildConfiguration;
			buildSettings = {
				DEVELOPMENT_TEAM = Y2DE56X55C;
				PRODUCT_NAME = "$(TARGET_NAME)";
				SWIFT_VERSION = 3.0;
			};
			name = Release;
		};
		85FFAE811E83B77E00B9332E /* Debug */ = {
			isa = XCBuildConfiguration;
			buildSettings = {
				DEVELOPMENT_TEAM = Y2DE56X55C;
				PRODUCT_NAME = "$(TARGET_NAME)";
				SWIFT_VERSION = 3.0;
			};
			name = Debug;
		};
		85FFAE821E83B77E00B9332E /* Release */ = {
			isa = XCBuildConfiguration;
			buildSettings = {
				DEVELOPMENT_TEAM = Y2DE56X55C;
				PRODUCT_NAME = "$(TARGET_NAME)";
				SWIFT_VERSION = 3.0;
			};
			name = Release;
		};
/* End XCBuildConfiguration section */

/* Begin XCConfigurationList section */
		85AB85CC1E8514AA001EB969 /* Build configuration list for PBXNativeTarget "JetPack" */ = {
			isa = XCConfigurationList;
			buildConfigurations = (
				85AB85CA1E8514AA001EB969 /* Debug */,
				85AB85CB1E8514AA001EB969 /* Release */,
			);
			defaultConfigurationIsVisible = 0;
		};
		85CC0A2C1D9259700072E8D9 /* Build configuration list for PBXProject "phenidone" */ = {
			isa = XCConfigurationList;
			buildConfigurations = (
				85CC0A361D9259700072E8D9 /* Debug */,
				85CC0A371D9259700072E8D9 /* Release */,
			);
			defaultConfigurationIsVisible = 0;
			defaultConfigurationName = Release;
		};
		85CC0A381D9259700072E8D9 /* Build configuration list for PBXNativeTarget "phenidone" */ = {
			isa = XCConfigurationList;
			buildConfigurations = (
				85CC0A391D9259700072E8D9 /* Debug */,
				85CC0A3A1D9259700072E8D9 /* Release */,
			);
			defaultConfigurationIsVisible = 0;
			defaultConfigurationName = Release;
		};
		85FFAE801E83B77E00B9332E /* Build configuration list for PBXNativeTarget "PhenidoneTest" */ = {
			isa = XCConfigurationList;
			buildConfigurations = (
				85FFAE811E83B77E00B9332E /* Debug */,
				85FFAE821E83B77E00B9332E /* Release */,
			);
			defaultConfigurationIsVisible = 0;
			defaultConfigurationName = Release;
		};
/* End XCConfigurationList section */
	};
	rootObject = 85CC0A291D9259700072E8D9 /* Project object */;
}
